{
  "name": "pillar-requester",
  "version": "1.0.0",
  "lockfileVersion": 1,
  "requires": true,
  "dependencies": {
    "@ethersproject/abi": {
      "version": "5.0.3",
      "resolved": "https://pillarproject.jfrog.io/pillarproject/api/npm/npm/@ethersproject/abi/-/abi-5.0.3.tgz",
      "integrity": "sha1-JygP+dRLlLWsgwZNuB3rjRuH2rE=",
      "requires": {
        "@ethersproject/address": "^5.0.3",
        "@ethersproject/bignumber": "^5.0.6",
        "@ethersproject/bytes": "^5.0.4",
        "@ethersproject/constants": "^5.0.3",
        "@ethersproject/hash": "^5.0.3",
        "@ethersproject/keccak256": "^5.0.3",
        "@ethersproject/logger": "^5.0.5",
        "@ethersproject/properties": "^5.0.3",
        "@ethersproject/strings": "^5.0.3"
      }
    },
    "@ethersproject/abstract-provider": {
      "version": "5.0.3",
      "resolved": "https://pillarproject.jfrog.io/pillarproject/api/npm/npm/@ethersproject/abstract-provider/-/abstract-provider-5.0.3.tgz",
      "integrity": "sha1-vj3YgLskwVzX6xTa6uVrqeANln4=",
      "requires": {
        "@ethersproject/bignumber": "^5.0.6",
        "@ethersproject/bytes": "^5.0.4",
        "@ethersproject/logger": "^5.0.5",
        "@ethersproject/networks": "^5.0.3",
        "@ethersproject/properties": "^5.0.3",
        "@ethersproject/transactions": "^5.0.3",
        "@ethersproject/web": "^5.0.4"
      }
    },
    "@ethersproject/abstract-signer": {
      "version": "5.0.3",
      "resolved": "https://pillarproject.jfrog.io/pillarproject/api/npm/npm/@ethersproject/abstract-signer/-/abstract-signer-5.0.3.tgz",
      "integrity": "sha1-GXutUpM6Lox0XVX2RLqxEJ8b4W8=",
      "requires": {
        "@ethersproject/abstract-provider": "^5.0.3",
        "@ethersproject/bignumber": "^5.0.6",
        "@ethersproject/bytes": "^5.0.4",
        "@ethersproject/logger": "^5.0.5",
        "@ethersproject/properties": "^5.0.3"
      }
    },
    "@ethersproject/address": {
      "version": "5.0.3",
      "resolved": "https://pillarproject.jfrog.io/pillarproject/api/npm/npm/@ethersproject/address/-/address-5.0.3.tgz",
      "integrity": "sha1-hkifg20WVhNfpsrlbZ/Rq1ssla8=",
      "requires": {
        "@ethersproject/bignumber": "^5.0.6",
        "@ethersproject/bytes": "^5.0.4",
        "@ethersproject/keccak256": "^5.0.3",
        "@ethersproject/logger": "^5.0.5",
        "@ethersproject/rlp": "^5.0.3",
        "bn.js": "^4.4.0"
      }
    },
    "@ethersproject/base64": {
      "version": "5.0.3",
      "resolved": "https://pillarproject.jfrog.io/pillarproject/api/npm/npm/@ethersproject/base64/-/base64-5.0.3.tgz",
      "integrity": "sha1-0KqjLJqwji1ipiOFgWB6tukpKX4=",
      "requires": {
        "@ethersproject/bytes": "^5.0.4"
      }
    },
    "@ethersproject/basex": {
      "version": "5.0.3",
      "resolved": "https://pillarproject.jfrog.io/pillarproject/api/npm/npm/@ethersproject/basex/-/basex-5.0.3.tgz",
      "integrity": "sha1-+Mm8RJoIkTH1LPqGmM93vCLifjI=",
      "requires": {
        "@ethersproject/bytes": "^5.0.4",
        "@ethersproject/properties": "^5.0.3"
      }
    },
    "@ethersproject/bignumber": {
      "version": "5.0.6",
      "resolved": "https://pillarproject.jfrog.io/pillarproject/api/npm/npm/@ethersproject/bignumber/-/bignumber-5.0.6.tgz",
      "integrity": "sha1-G1SUpkDGQJZTjmIra6iluEOeveQ=",
      "requires": {
        "@ethersproject/bytes": "^5.0.4",
        "@ethersproject/logger": "^5.0.5",
        "bn.js": "^4.4.0"
      }
    },
    "@ethersproject/bytes": {
      "version": "5.0.4",
      "resolved": "https://pillarproject.jfrog.io/pillarproject/api/npm/npm/@ethersproject/bytes/-/bytes-5.0.4.tgz",
      "integrity": "sha1-Mo2dkpo+lwlk7PXWLhJWihhxifE=",
      "requires": {
        "@ethersproject/logger": "^5.0.5"
      }
    },
    "@ethersproject/constants": {
      "version": "5.0.3",
      "resolved": "https://pillarproject.jfrog.io/pillarproject/api/npm/npm/@ethersproject/constants/-/constants-5.0.3.tgz",
      "integrity": "sha1-fMuOLp8U+8wtUtDhQCqDpWE6L2U=",
      "requires": {
        "@ethersproject/bignumber": "^5.0.6"
      }
    },
    "@ethersproject/contracts": {
      "version": "5.0.3",
      "resolved": "https://pillarproject.jfrog.io/pillarproject/api/npm/npm/@ethersproject/contracts/-/contracts-5.0.3.tgz",
      "integrity": "sha1-npo5W2yd3x9FbZRD6WwMjXZg958=",
      "requires": {
        "@ethersproject/abi": "^5.0.3",
        "@ethersproject/abstract-provider": "^5.0.3",
        "@ethersproject/abstract-signer": "^5.0.3",
        "@ethersproject/address": "^5.0.3",
        "@ethersproject/bignumber": "^5.0.6",
        "@ethersproject/bytes": "^5.0.4",
        "@ethersproject/constants": "^5.0.3",
        "@ethersproject/logger": "^5.0.5",
        "@ethersproject/properties": "^5.0.3"
      }
    },
    "@ethersproject/hash": {
      "version": "5.0.3",
      "resolved": "https://pillarproject.jfrog.io/pillarproject/api/npm/npm/@ethersproject/hash/-/hash-5.0.3.tgz",
      "integrity": "sha1-QfF/15coOIMWIDONrZMr/j1oQgk=",
      "requires": {
        "@ethersproject/bytes": "^5.0.4",
        "@ethersproject/keccak256": "^5.0.3",
        "@ethersproject/logger": "^5.0.5",
        "@ethersproject/strings": "^5.0.3"
      }
    },
    "@ethersproject/hdnode": {
      "version": "5.0.3",
      "resolved": "https://pillarproject.jfrog.io/pillarproject/api/npm/npm/@ethersproject/hdnode/-/hdnode-5.0.3.tgz",
      "integrity": "sha1-R8g/NNDMsVoRDyi6jMAFkLgRl7Y=",
      "requires": {
        "@ethersproject/abstract-signer": "^5.0.3",
        "@ethersproject/basex": "^5.0.3",
        "@ethersproject/bignumber": "^5.0.6",
        "@ethersproject/bytes": "^5.0.4",
        "@ethersproject/logger": "^5.0.5",
        "@ethersproject/pbkdf2": "^5.0.3",
        "@ethersproject/properties": "^5.0.3",
        "@ethersproject/sha2": "^5.0.3",
        "@ethersproject/signing-key": "^5.0.4",
        "@ethersproject/strings": "^5.0.3",
        "@ethersproject/transactions": "^5.0.3",
        "@ethersproject/wordlists": "^5.0.3"
      }
    },
    "@ethersproject/json-wallets": {
      "version": "5.0.5",
      "resolved": "https://pillarproject.jfrog.io/pillarproject/api/npm/npm/@ethersproject/json-wallets/-/json-wallets-5.0.5.tgz",
      "integrity": "sha1-NfoLuTYMTyrGKz4tfr4sSRO6oyQ=",
      "requires": {
        "@ethersproject/abstract-signer": "^5.0.3",
        "@ethersproject/address": "^5.0.3",
        "@ethersproject/bytes": "^5.0.4",
        "@ethersproject/hdnode": "^5.0.3",
        "@ethersproject/keccak256": "^5.0.3",
        "@ethersproject/logger": "^5.0.5",
        "@ethersproject/pbkdf2": "^5.0.3",
        "@ethersproject/properties": "^5.0.3",
        "@ethersproject/random": "^5.0.3",
        "@ethersproject/strings": "^5.0.3",
        "@ethersproject/transactions": "^5.0.3",
        "aes-js": "3.0.0",
        "scrypt-js": "3.0.1"
      }
    },
    "@ethersproject/keccak256": {
      "version": "5.0.3",
      "resolved": "https://pillarproject.jfrog.io/pillarproject/api/npm/npm/@ethersproject/keccak256/-/keccak256-5.0.3.tgz",
      "integrity": "sha1-8JSo/KO7kTwERZPE84K+QkKS5Yg=",
      "requires": {
        "@ethersproject/bytes": "^5.0.4",
        "js-sha3": "0.5.7"
      }
    },
    "@ethersproject/logger": {
      "version": "5.0.5",
      "resolved": "https://pillarproject.jfrog.io/pillarproject/api/npm/npm/@ethersproject/logger/-/logger-5.0.5.tgz",
      "integrity": "sha1-47o9C8+fW+TaXwQ7HjKOuYuAAC8="
    },
    "@ethersproject/networks": {
      "version": "5.0.3",
      "resolved": "https://pillarproject.jfrog.io/pillarproject/api/npm/npm/@ethersproject/networks/-/networks-5.0.3.tgz",
      "integrity": "sha1-xOvlbnnKOZJHOCYn5QoCKqaOzlU=",
      "requires": {
        "@ethersproject/logger": "^5.0.5"
      }
    },
    "@ethersproject/pbkdf2": {
      "version": "5.0.3",
      "resolved": "https://pillarproject.jfrog.io/pillarproject/api/npm/npm/@ethersproject/pbkdf2/-/pbkdf2-5.0.3.tgz",
      "integrity": "sha1-+eyihKRYzREXnUB4hMWVQS2NJ3U=",
      "requires": {
        "@ethersproject/bytes": "^5.0.4",
        "@ethersproject/sha2": "^5.0.3"
      }
    },
    "@ethersproject/properties": {
      "version": "5.0.3",
      "resolved": "https://pillarproject.jfrog.io/pillarproject/api/npm/npm/@ethersproject/properties/-/properties-5.0.3.tgz",
      "integrity": "sha1-mRrvOaX4fUZFzuds7E34aL+wi+Y=",
      "requires": {
        "@ethersproject/logger": "^5.0.5"
      }
    },
    "@ethersproject/providers": {
      "version": "5.0.7",
      "resolved": "https://pillarproject.jfrog.io/pillarproject/api/npm/npm/@ethersproject/providers/-/providers-5.0.7.tgz",
      "integrity": "sha1-jfuerLNtPAXAiDH3GtQ/tG0qrsY=",
      "requires": {
        "@ethersproject/abstract-provider": "^5.0.3",
        "@ethersproject/abstract-signer": "^5.0.3",
        "@ethersproject/address": "^5.0.3",
        "@ethersproject/basex": "^5.0.3",
        "@ethersproject/bignumber": "^5.0.6",
        "@ethersproject/bytes": "^5.0.4",
        "@ethersproject/constants": "^5.0.3",
        "@ethersproject/hash": "^5.0.3",
        "@ethersproject/logger": "^5.0.5",
        "@ethersproject/networks": "^5.0.3",
        "@ethersproject/properties": "^5.0.3",
        "@ethersproject/random": "^5.0.3",
        "@ethersproject/rlp": "^5.0.3",
        "@ethersproject/sha2": "^5.0.3",
        "@ethersproject/strings": "^5.0.3",
        "@ethersproject/transactions": "^5.0.3",
        "@ethersproject/web": "^5.0.4",
        "bech32": "1.1.4",
        "ws": "7.2.3"
      }
    },
    "@ethersproject/random": {
      "version": "5.0.3",
      "resolved": "https://pillarproject.jfrog.io/pillarproject/api/npm/npm/@ethersproject/random/-/random-5.0.3.tgz",
      "integrity": "sha1-7BZUb//cELkILxIHvToJ9Uy89eY=",
      "requires": {
        "@ethersproject/bytes": "^5.0.4",
        "@ethersproject/logger": "^5.0.5"
      }
    },
    "@ethersproject/rlp": {
      "version": "5.0.3",
      "resolved": "https://pillarproject.jfrog.io/pillarproject/api/npm/npm/@ethersproject/rlp/-/rlp-5.0.3.tgz",
      "integrity": "sha1-hBpe399yX5IVX+dEJPVRDJBDwTo=",
      "requires": {
        "@ethersproject/bytes": "^5.0.4",
        "@ethersproject/logger": "^5.0.5"
      }
    },
    "@ethersproject/sha2": {
      "version": "5.0.3",
      "resolved": "https://pillarproject.jfrog.io/pillarproject/api/npm/npm/@ethersproject/sha2/-/sha2-5.0.3.tgz",
      "integrity": "sha1-UsFu3BE10Ox9JC2I7tA12ucoAMA=",
      "requires": {
        "@ethersproject/bytes": "^5.0.4",
        "@ethersproject/logger": "^5.0.5",
        "hash.js": "1.1.3"
      },
      "dependencies": {
        "hash.js": {
          "version": "1.1.3",
          "resolved": "https://pillarproject.jfrog.io/pillarproject/api/npm/npm/hash.js/-/hash.js-1.1.3.tgz",
          "integrity": "sha1-NA3tvmKQGHFRweodd3o0SJNd+EY=",
          "requires": {
            "inherits": "^2.0.3",
            "minimalistic-assert": "^1.0.0"
          }
        }
      }
    },
    "@ethersproject/signing-key": {
      "version": "5.0.4",
      "resolved": "https://pillarproject.jfrog.io/pillarproject/api/npm/npm/@ethersproject/signing-key/-/signing-key-5.0.4.tgz",
      "integrity": "sha1-pTNM6KUtTpc23I+27MOEcE7Ph4M=",
      "requires": {
        "@ethersproject/bytes": "^5.0.4",
        "@ethersproject/logger": "^5.0.5",
        "@ethersproject/properties": "^5.0.3",
        "elliptic": "6.5.3"
      }
    },
    "@ethersproject/solidity": {
      "version": "5.0.3",
      "resolved": "https://pillarproject.jfrog.io/pillarproject/api/npm/npm/@ethersproject/solidity/-/solidity-5.0.3.tgz",
      "integrity": "sha1-F4GXyy8Z0phtrdUVkoxdujyyflU=",
      "requires": {
        "@ethersproject/bignumber": "^5.0.6",
        "@ethersproject/bytes": "^5.0.4",
        "@ethersproject/keccak256": "^5.0.3",
        "@ethersproject/sha2": "^5.0.3",
        "@ethersproject/strings": "^5.0.3"
      }
    },
    "@ethersproject/strings": {
      "version": "5.0.3",
      "resolved": "https://pillarproject.jfrog.io/pillarproject/api/npm/npm/@ethersproject/strings/-/strings-5.0.3.tgz",
      "integrity": "sha1-dWzEuTIDoJGWbUCCSwsoBI4tXZs=",
      "requires": {
        "@ethersproject/bytes": "^5.0.4",
        "@ethersproject/constants": "^5.0.3",
        "@ethersproject/logger": "^5.0.5"
      }
    },
    "@ethersproject/transactions": {
      "version": "5.0.4",
      "resolved": "https://pillarproject.jfrog.io/pillarproject/api/npm/npm/@ethersproject/transactions/-/transactions-5.0.4.tgz",
      "integrity": "sha1-dtev2wZn794isFTeOo3FtEDrbNI=",
      "requires": {
        "@ethersproject/address": "^5.0.3",
        "@ethersproject/bignumber": "^5.0.6",
        "@ethersproject/bytes": "^5.0.4",
        "@ethersproject/constants": "^5.0.3",
        "@ethersproject/keccak256": "^5.0.3",
        "@ethersproject/logger": "^5.0.5",
        "@ethersproject/properties": "^5.0.3",
        "@ethersproject/rlp": "^5.0.3",
        "@ethersproject/signing-key": "^5.0.4"
      }
    },
    "@ethersproject/units": {
      "version": "5.0.3",
      "resolved": "https://pillarproject.jfrog.io/pillarproject/api/npm/npm/@ethersproject/units/-/units-5.0.3.tgz",
      "integrity": "sha1-O216An9Tsl4XUtNT88XO205KDcc=",
      "requires": {
        "@ethersproject/bignumber": "^5.0.6",
        "@ethersproject/constants": "^5.0.3",
        "@ethersproject/logger": "^5.0.5"
      }
    },
    "@ethersproject/wallet": {
      "version": "5.0.3",
      "resolved": "https://pillarproject.jfrog.io/pillarproject/api/npm/npm/@ethersproject/wallet/-/wallet-5.0.3.tgz",
      "integrity": "sha1-RQFuD9OnncuyvoZ6UYG90FX7s6w=",
      "requires": {
        "@ethersproject/abstract-provider": "^5.0.3",
        "@ethersproject/abstract-signer": "^5.0.3",
        "@ethersproject/address": "^5.0.3",
        "@ethersproject/bignumber": "^5.0.6",
        "@ethersproject/bytes": "^5.0.4",
        "@ethersproject/hash": "^5.0.3",
        "@ethersproject/hdnode": "^5.0.3",
        "@ethersproject/json-wallets": "^5.0.5",
        "@ethersproject/keccak256": "^5.0.3",
        "@ethersproject/logger": "^5.0.5",
        "@ethersproject/properties": "^5.0.3",
        "@ethersproject/random": "^5.0.3",
        "@ethersproject/signing-key": "^5.0.4",
        "@ethersproject/transactions": "^5.0.3",
        "@ethersproject/wordlists": "^5.0.3"
      }
    },
    "@ethersproject/web": {
      "version": "5.0.5",
      "resolved": "https://pillarproject.jfrog.io/pillarproject/api/npm/npm/@ethersproject/web/-/web-5.0.5.tgz",
      "integrity": "sha1-3QUxvy+/RMN86LVH5AwYPPiMPgk=",
      "requires": {
        "@ethersproject/base64": "^5.0.3",
        "@ethersproject/bytes": "^5.0.4",
        "@ethersproject/logger": "^5.0.5",
        "@ethersproject/properties": "^5.0.3",
        "@ethersproject/strings": "^5.0.3"
      }
    },
    "@ethersproject/wordlists": {
      "version": "5.0.3",
      "resolved": "https://pillarproject.jfrog.io/pillarproject/api/npm/npm/@ethersproject/wordlists/-/wordlists-5.0.3.tgz",
      "integrity": "sha1-473a4LBG6ilLt8nVZOW/zeFRBhM=",
      "requires": {
        "@ethersproject/bytes": "^5.0.4",
        "@ethersproject/hash": "^5.0.3",
        "@ethersproject/logger": "^5.0.5",
        "@ethersproject/properties": "^5.0.3",
        "@ethersproject/strings": "^5.0.3"
      }
    },
    "@types/node": {
      "version": "10.17.29",
      "resolved": "https://pillarproject.jfrog.io/pillarproject/api/npm/npm/@types/node/-/node-10.17.29.tgz",
      "integrity": "sha1-JjtwE/n0r6U1hbGZ+aQlXZYTsXg="
    },
    "aes-js": {
      "version": "3.0.0",
      "resolved": "https://pillarproject.jfrog.io/pillarproject/api/npm/npm/aes-js/-/aes-js-3.0.0.tgz",
      "integrity": "sha1-4h3xCtbCBTKVvLuNq0Cwnb6ofk0="
    },
    "ansi-regex": {
      "version": "2.1.1",
      "resolved": "https://pillarproject.jfrog.io/pillarproject/api/npm/npm/ansi-regex/-/ansi-regex-2.1.1.tgz",
      "integrity": "sha1-w7M6te42DYbg5ijwRorn7yfWVN8="
    },
    "antlr4ts": {
      "version": "0.5.0-alpha.3",
      "resolved": "https://pillarproject.jfrog.io/pillarproject/api/npm/npm/antlr4ts/-/antlr4ts-0.5.0-alpha.3.tgz",
      "integrity": "sha1-+m052I1rljQaiv70WGevmryzh2Y="
    },
    "app-root-path": {
      "version": "3.0.0",
      "resolved": "https://pillarproject.jfrog.io/pillarproject/api/npm/npm/app-root-path/-/app-root-path-3.0.0.tgz",
      "integrity": "sha1-IQtvQ4cyJ+GKS4EKAyKDMRVV1a0="
    },
    "balanced-match": {
      "version": "1.0.0",
      "resolved": "https://pillarproject.jfrog.io/pillarproject/api/npm/npm/balanced-match/-/balanced-match-1.0.0.tgz",
      "integrity": "sha1-ibTRmasr7kneFk6gK4nORi1xt2c="
    },
    "bech32": {
      "version": "1.1.4",
      "resolved": "https://pillarproject.jfrog.io/pillarproject/api/npm/npm/bech32/-/bech32-1.1.4.tgz",
      "integrity": "sha1-44yfN78Xm46xauOncrQMNW1IMuk="
    },
    "bignumber.js": {
      "version": "8.0.2",
      "resolved": "https://pillarproject.jfrog.io/pillarproject/api/npm/npm/bignumber.js/-/bignumber.js-8.0.2.tgz",
      "integrity": "sha1-2MThh0NZVzse8DARothhIUru8Tc="
    },
    "bn.js": {
      "version": "4.11.9",
      "resolved": "https://pillarproject.jfrog.io/pillarproject/api/npm/npm/bn.js/-/bn.js-4.11.9.tgz",
      "integrity": "sha1-JtVWgpRY+dHoH8SJUkk9C6NQeCg="
    },
    "brace-expansion": {
      "version": "1.1.11",
      "resolved": "https://pillarproject.jfrog.io/pillarproject/api/npm/npm/brace-expansion/-/brace-expansion-1.1.11.tgz",
      "integrity": "sha1-PH/L9SnYcibz0vUrlm/1Jx60Qd0=",
      "requires": {
        "balanced-match": "^1.0.0",
        "concat-map": "0.0.1"
      }
    },
    "brorand": {
      "version": "1.1.0",
      "resolved": "https://pillarproject.jfrog.io/pillarproject/api/npm/npm/brorand/-/brorand-1.1.0.tgz",
      "integrity": "sha1-EsJe/kCkXjwyPrhnWgoM5XsiNx8="
    },
    "buffer-to-arraybuffer": {
      "version": "0.0.5",
      "resolved": "https://pillarproject.jfrog.io/pillarproject/api/npm/npm/buffer-to-arraybuffer/-/buffer-to-arraybuffer-0.0.5.tgz",
      "integrity": "sha1-YGSkD6dutDxyOrqe+PbhIW0QURo="
    },
    "cli-color": {
      "version": "1.4.0",
      "resolved": "https://pillarproject.jfrog.io/pillarproject/api/npm/npm/cli-color/-/cli-color-1.4.0.tgz",
      "integrity": "sha1-fRBzj0hSaCT4/n2lGFfLD1cv4B8=",
      "requires": {
        "ansi-regex": "^2.1.1",
        "d": "1",
        "es5-ext": "^0.10.46",
        "es6-iterator": "^2.0.3",
        "memoizee": "^0.4.14",
        "timers-ext": "^0.1.5"
      }
    },
    "command-exists": {
      "version": "1.2.9",
      "resolved": "https://pillarproject.jfrog.io/pillarproject/api/npm/npm/command-exists/-/command-exists-1.2.9.tgz",
      "integrity": "sha1-xQclrzgIyKsCYP1gsB+/oluVT2k="
    },
    "commander": {
      "version": "4.1.1",
      "resolved": "https://pillarproject.jfrog.io/pillarproject/api/npm/npm/commander/-/commander-4.1.1.tgz",
      "integrity": "sha1-n9YCvZNilOnp70aj9NaWQESxgGg="
    },
    "concat-map": {
      "version": "0.0.1",
      "resolved": "https://pillarproject.jfrog.io/pillarproject/api/npm/npm/concat-map/-/concat-map-0.0.1.tgz",
      "integrity": "sha1-2Klr13/Wjfd5OnMDajug1UBdR3s="
    },
    "d": {
      "version": "1.0.1",
      "resolved": "https://pillarproject.jfrog.io/pillarproject/api/npm/npm/d/-/d-1.0.1.tgz",
      "integrity": "sha1-hpgJU3LVjb7jRv/Qxwk/mfj561o=",
      "requires": {
        "es5-ext": "^0.10.50",
        "type": "^1.0.1"
      }
    },
    "debug": {
      "version": "4.1.1",
      "resolved": "https://pillarproject.jfrog.io/pillarproject/api/npm/npm/debug/-/debug-4.1.1.tgz",
      "integrity": "sha1-O3ImAlUQnGtYnO4FDx1RYTlmR5E=",
      "requires": {
        "ms": "^2.1.1"
      }
    },
    "decode-uri-component": {
      "version": "0.2.0",
      "resolved": "https://pillarproject.jfrog.io/pillarproject/api/npm/npm/decode-uri-component/-/decode-uri-component-0.2.0.tgz",
      "integrity": "sha1-6zkTMzRYd1y4TNGh+uBiEGu4dUU="
    },
    "decompress-response": {
      "version": "3.3.0",
      "resolved": "https://pillarproject.jfrog.io/pillarproject/api/npm/npm/decompress-response/-/decompress-response-3.3.0.tgz",
      "integrity": "sha1-gKTdMjdIOEv6JICDYirt7Jgq3/M=",
      "requires": {
        "mimic-response": "^1.0.0"
      }
    },
    "dom-walk": {
      "version": "0.1.2",
      "resolved": "https://pillarproject.jfrog.io/pillarproject/api/npm/npm/dom-walk/-/dom-walk-0.1.2.tgz",
      "integrity": "sha1-DFSL7wSPTR8qlySQAiNgYNqj/YQ="
    },
    "elliptic": {
      "version": "6.5.3",
      "resolved": "https://pillarproject.jfrog.io/pillarproject/api/npm/npm/elliptic/-/elliptic-6.5.3.tgz",
      "integrity": "sha1-y1nrLv2vc6C9eMzXAVpirW4Pk9Y=",
      "requires": {
        "bn.js": "^4.4.0",
        "brorand": "^1.0.1",
        "hash.js": "^1.0.0",
        "hmac-drbg": "^1.0.0",
        "inherits": "^2.0.1",
        "minimalistic-assert": "^1.0.0",
        "minimalistic-crypto-utils": "^1.0.0"
      }
    },
    "es5-ext": {
      "version": "0.10.53",
      "resolved": "https://pillarproject.jfrog.io/pillarproject/api/npm/npm/es5-ext/-/es5-ext-0.10.53.tgz",
      "integrity": "sha1-k8WjrP2+8nUiCtcmRK0C7hg2jeE=",
      "requires": {
        "es6-iterator": "~2.0.3",
        "es6-symbol": "~3.1.3",
        "next-tick": "~1.0.0"
      }
    },
    "es6-iterator": {
      "version": "2.0.3",
      "resolved": "https://pillarproject.jfrog.io/pillarproject/api/npm/npm/es6-iterator/-/es6-iterator-2.0.3.tgz",
      "integrity": "sha1-p96IkUGgWpSwhUQDstCg+/qY87c=",
      "requires": {
        "d": "1",
        "es5-ext": "^0.10.35",
        "es6-symbol": "^3.1.1"
      }
    },
    "es6-symbol": {
      "version": "3.1.3",
      "resolved": "https://pillarproject.jfrog.io/pillarproject/api/npm/npm/es6-symbol/-/es6-symbol-3.1.3.tgz",
      "integrity": "sha1-utXTwbzawoJp9MszHkMceKxwXRg=",
      "requires": {
        "d": "^1.0.1",
        "ext": "^1.1.2"
      }
    },
    "es6-weak-map": {
      "version": "2.0.3",
      "resolved": "https://pillarproject.jfrog.io/pillarproject/api/npm/npm/es6-weak-map/-/es6-weak-map-2.0.3.tgz",
      "integrity": "sha1-ttofFswswNm+Q+a9v8Xn383zHVM=",
      "requires": {
        "d": "1",
        "es5-ext": "^0.10.46",
        "es6-iterator": "^2.0.3",
        "es6-symbol": "^3.1.1"
      }
    },
    "eth-lib": {
      "version": "0.2.7",
      "resolved": "https://pillarproject.jfrog.io/pillarproject/api/npm/npm/eth-lib/-/eth-lib-0.2.7.tgz",
      "integrity": "sha1-L5Pxex4jrsN1nNSj/iDBKGo/wco=",
      "requires": {
        "bn.js": "^4.11.6",
        "elliptic": "^6.4.0",
        "xhr-request-promise": "^0.1.2"
      }
    },
    "ethereum-bloom-filters": {
      "version": "1.0.7",
      "resolved": "https://pillarproject.jfrog.io/pillarproject/api/npm/npm/ethereum-bloom-filters/-/ethereum-bloom-filters-1.0.7.tgz",
      "integrity": "sha1-t7gHNeOF27f5RM5rRTPiRREwYGA=",
      "requires": {
        "js-sha3": "^0.8.0"
      },
      "dependencies": {
        "js-sha3": {
          "version": "0.8.0",
          "resolved": "https://pillarproject.jfrog.io/pillarproject/api/npm/npm/js-sha3/-/js-sha3-0.8.0.tgz",
          "integrity": "sha1-ubel2nOvrX3t0PjEY5VMveaBiEA="
        }
      }
    },
    "ethers": {
      "version": "5.0.8",
      "resolved": "https://pillarproject.jfrog.io/pillarproject/api/npm/npm/ethers/-/ethers-5.0.8.tgz",
      "integrity": "sha1-wT0P315m24CF4gNtMwntL4oX7Yk=",
      "requires": {
        "@ethersproject/abi": "^5.0.0",
        "@ethersproject/abstract-provider": "^5.0.0",
        "@ethersproject/abstract-signer": "^5.0.0",
        "@ethersproject/address": "^5.0.0",
        "@ethersproject/base64": "^5.0.0",
        "@ethersproject/basex": "^5.0.0",
        "@ethersproject/bignumber": "^5.0.0",
        "@ethersproject/bytes": "^5.0.0",
        "@ethersproject/constants": "^5.0.0",
        "@ethersproject/contracts": "^5.0.0",
        "@ethersproject/hash": "^5.0.0",
        "@ethersproject/hdnode": "^5.0.0",
        "@ethersproject/json-wallets": "^5.0.0",
        "@ethersproject/keccak256": "^5.0.0",
        "@ethersproject/logger": "^5.0.0",
        "@ethersproject/networks": "^5.0.0",
        "@ethersproject/pbkdf2": "^5.0.0",
        "@ethersproject/properties": "^5.0.0",
        "@ethersproject/providers": "^5.0.0",
        "@ethersproject/random": "^5.0.0",
        "@ethersproject/rlp": "^5.0.0",
        "@ethersproject/sha2": "^5.0.0",
        "@ethersproject/signing-key": "^5.0.0",
        "@ethersproject/solidity": "^5.0.0",
        "@ethersproject/strings": "^5.0.0",
        "@ethersproject/transactions": "^5.0.0",
        "@ethersproject/units": "^5.0.0",
        "@ethersproject/wallet": "^5.0.0",
        "@ethersproject/web": "^5.0.0",
        "@ethersproject/wordlists": "^5.0.0"
      }
    },
    "ethjs-unit": {
      "version": "0.1.6",
      "resolved": "https://pillarproject.jfrog.io/pillarproject/api/npm/npm/ethjs-unit/-/ethjs-unit-0.1.6.tgz",
      "integrity": "sha1-xmWSHkduh7ziqdWIpv4EBbLEFpk=",
      "requires": {
        "bn.js": "4.11.6",
        "number-to-bn": "1.7.0"
      },
      "dependencies": {
        "bn.js": {
          "version": "4.11.6",
          "resolved": "https://pillarproject.jfrog.io/pillarproject/api/npm/npm/bn.js/-/bn.js-4.11.6.tgz",
          "integrity": "sha1-UzRK2xRhehP26N0s4okF0cC6MhU="
        }
      }
    },
    "event-emitter": {
      "version": "0.3.5",
      "resolved": "https://pillarproject.jfrog.io/pillarproject/api/npm/npm/event-emitter/-/event-emitter-0.3.5.tgz",
      "integrity": "sha1-34xp7vFkeSPHFXuc6DhAYQsCzDk=",
      "requires": {
        "d": "1",
        "es5-ext": "~0.10.14"
      }
    },
    "ext": {
      "version": "1.4.0",
      "resolved": "https://pillarproject.jfrog.io/pillarproject/api/npm/npm/ext/-/ext-1.4.0.tgz",
      "integrity": "sha1-ia56BxWPedNVF4gpBDJAd+Q3kkQ=",
      "requires": {
        "type": "^2.0.0"
      },
      "dependencies": {
        "type": {
          "version": "2.1.0",
          "resolved": "https://pillarproject.jfrog.io/pillarproject/api/npm/npm/type/-/type-2.1.0.tgz",
          "integrity": "sha1-m9wixkjPjPht0j0yM2pBz7ZHXj8="
        }
      }
    },
    "fs-extra": {
      "version": "8.1.0",
      "resolved": "https://pillarproject.jfrog.io/pillarproject/api/npm/npm/fs-extra/-/fs-extra-8.1.0.tgz",
      "integrity": "sha1-SdQ8RaiM2Wd2aMt74bRu/bjS4cA=",
      "requires": {
        "graceful-fs": "^4.2.0",
        "jsonfile": "^4.0.0",
        "universalify": "^0.1.0"
      }
    },
    "fs.realpath": {
      "version": "1.0.0",
      "resolved": "https://pillarproject.jfrog.io/pillarproject/api/npm/npm/fs.realpath/-/fs.realpath-1.0.0.tgz",
      "integrity": "sha1-FQStJSMVjKpA20onh8sBQRmU6k8="
    },
    "glob": {
      "version": "7.1.6",
      "resolved": "https://pillarproject.jfrog.io/pillarproject/api/npm/npm/glob/-/glob-7.1.6.tgz",
      "integrity": "sha1-FB8zuBp8JJLhJVlDB0gMRmeSeKY=",
      "requires": {
        "fs.realpath": "^1.0.0",
        "inflight": "^1.0.4",
        "inherits": "2",
        "minimatch": "^3.0.4",
        "once": "^1.3.0",
        "path-is-absolute": "^1.0.0"
      }
    },
    "global": {
      "version": "4.3.2",
      "resolved": "https://pillarproject.jfrog.io/pillarproject/api/npm/npm/global/-/global-4.3.2.tgz",
      "integrity": "sha1-52mJJopsdMOJCLEwWxD8DjlOnQ8=",
      "requires": {
        "min-document": "^2.19.0",
        "process": "~0.5.1"
      }
    },
    "graceful-fs": {
      "version": "4.2.4",
      "resolved": "https://pillarproject.jfrog.io/pillarproject/api/npm/npm/graceful-fs/-/graceful-fs-4.2.4.tgz",
      "integrity": "sha1-Ila94U02MpWMRl68ltxGfKB6Kfs="
    },
    "hash.js": {
      "version": "1.1.7",
      "resolved": "https://pillarproject.jfrog.io/pillarproject/api/npm/npm/hash.js/-/hash.js-1.1.7.tgz",
      "integrity": "sha1-C6vKU46NTuSg+JiNaIZlN6ADz0I=",
      "requires": {
        "inherits": "^2.0.3",
        "minimalistic-assert": "^1.0.1"
      }
    },
    "hmac-drbg": {
      "version": "1.0.1",
      "resolved": "https://pillarproject.jfrog.io/pillarproject/api/npm/npm/hmac-drbg/-/hmac-drbg-1.0.1.tgz",
      "integrity": "sha1-0nRXAQJabHdabFRXk+1QL8DGSaE=",
      "requires": {
        "hash.js": "^1.0.3",
        "minimalistic-assert": "^1.0.0",
        "minimalistic-crypto-utils": "^1.0.1"
      }
    },
    "inflight": {
      "version": "1.0.6",
      "resolved": "https://pillarproject.jfrog.io/pillarproject/api/npm/npm/inflight/-/inflight-1.0.6.tgz",
      "integrity": "sha1-Sb1jMdfQLQwJvJEKEHW6gWW1bfk=",
      "requires": {
        "once": "^1.3.0",
        "wrappy": "1"
      }
    },
    "inherits": {
      "version": "2.0.4",
      "resolved": "https://pillarproject.jfrog.io/pillarproject/api/npm/npm/inherits/-/inherits-2.0.4.tgz",
      "integrity": "sha1-D6LGT5MpF8NDOg3tVTY6rjdBa3w="
    },
    "is-function": {
      "version": "1.0.2",
      "resolved": "https://pillarproject.jfrog.io/pillarproject/api/npm/npm/is-function/-/is-function-1.0.2.tgz",
      "integrity": "sha1-Twl/MKv2762smDOxfKXcA/gUTgg="
    },
    "is-hex-prefixed": {
      "version": "1.0.0",
      "resolved": "https://pillarproject.jfrog.io/pillarproject/api/npm/npm/is-hex-prefixed/-/is-hex-prefixed-1.0.0.tgz",
      "integrity": "sha1-fY035q135dEnFIkTxXPggtd39VQ="
    },
    "is-promise": {
      "version": "2.2.2",
      "resolved": "https://pillarproject.jfrog.io/pillarproject/api/npm/npm/is-promise/-/is-promise-2.2.2.tgz",
      "integrity": "sha1-OauVnMv5p3TPB597QMeib3YxNfE="
    },
    "js-sha3": {
      "version": "0.5.7",
      "resolved": "https://pillarproject.jfrog.io/pillarproject/api/npm/npm/js-sha3/-/js-sha3-0.5.7.tgz",
      "integrity": "sha1-DU/9gALVMzqrr0oj7tL2N0yfKOc="
    },
    "jsonfile": {
      "version": "4.0.0",
      "resolved": "https://pillarproject.jfrog.io/pillarproject/api/npm/npm/jsonfile/-/jsonfile-4.0.0.tgz",
      "integrity": "sha1-h3Gq4HmbZAdrdmQPygWPnBDjPss=",
      "requires": {
        "graceful-fs": "^4.1.6"
      }
    },
    "klaw": {
      "version": "1.3.1",
      "resolved": "https://pillarproject.jfrog.io/pillarproject/api/npm/npm/klaw/-/klaw-1.3.1.tgz",
      "integrity": "sha1-QIhDO0azsbolnXh4XY6W9zugJDk=",
      "requires": {
        "graceful-fs": "^4.1.9"
      }
    },
    "lru-queue": {
      "version": "0.1.0",
      "resolved": "https://pillarproject.jfrog.io/pillarproject/api/npm/npm/lru-queue/-/lru-queue-0.1.0.tgz",
      "integrity": "sha1-Jzi9nw089PhEkMVzbEhpmsYyzaM=",
      "requires": {
        "es5-ext": "~0.10.2"
      }
    },
    "memoizee": {
      "version": "0.4.14",
      "resolved": "https://pillarproject.jfrog.io/pillarproject/api/npm/npm/memoizee/-/memoizee-0.4.14.tgz",
      "integrity": "sha1-B6APIEaZ+alcLZ53IYJxx81hDVc=",
      "requires": {
        "d": "1",
        "es5-ext": "^0.10.45",
        "es6-weak-map": "^2.0.2",
        "event-emitter": "^0.3.5",
        "is-promise": "^2.1",
        "lru-queue": "0.1",
        "next-tick": "1",
        "timers-ext": "^0.1.5"
      }
    },
    "memorystream": {
      "version": "0.3.1",
      "resolved": "https://pillarproject.jfrog.io/pillarproject/api/npm/npm/memorystream/-/memorystream-0.3.1.tgz",
      "integrity": "sha1-htcJCzDORV1j+64S3aUaR93K+bI="
    },
    "mimic-response": {
      "version": "1.0.1",
      "resolved": "https://pillarproject.jfrog.io/pillarproject/api/npm/npm/mimic-response/-/mimic-response-1.0.1.tgz",
      "integrity": "sha1-SSNTiHju9CBjy4o+OweYeBSHqxs="
    },
    "min-document": {
      "version": "2.19.0",
      "resolved": "https://pillarproject.jfrog.io/pillarproject/api/npm/npm/min-document/-/min-document-2.19.0.tgz",
      "integrity": "sha1-e9KC4/WELtKVu3SM3Z8f+iyCRoU=",
      "requires": {
        "dom-walk": "^0.1.0"
      }
    },
    "minimalistic-assert": {
      "version": "1.0.1",
      "resolved": "https://pillarproject.jfrog.io/pillarproject/api/npm/npm/minimalistic-assert/-/minimalistic-assert-1.0.1.tgz",
      "integrity": "sha1-LhlN4ERibUoQ5/f7wAznPoPk1cc="
    },
    "minimalistic-crypto-utils": {
      "version": "1.0.1",
      "resolved": "https://pillarproject.jfrog.io/pillarproject/api/npm/npm/minimalistic-crypto-utils/-/minimalistic-crypto-utils-1.0.1.tgz",
      "integrity": "sha1-9sAMHAsIIkblxNmd+4x8CDsrWCo="
    },
    "minimatch": {
      "version": "3.0.4",
      "resolved": "https://pillarproject.jfrog.io/pillarproject/api/npm/npm/minimatch/-/minimatch-3.0.4.tgz",
      "integrity": "sha1-UWbihkV/AzBgZL5Ul+jbsMPTIIM=",
      "requires": {
        "brace-expansion": "^1.1.7"
      }
    },
    "ms": {
      "version": "2.1.2",
      "resolved": "https://pillarproject.jfrog.io/pillarproject/api/npm/npm/ms/-/ms-2.1.2.tgz",
      "integrity": "sha1-0J0fNXtEP0kzgqjrPM0YOHKuYAk="
    },
    "next-tick": {
      "version": "1.0.0",
      "resolved": "https://pillarproject.jfrog.io/pillarproject/api/npm/npm/next-tick/-/next-tick-1.0.0.tgz",
      "integrity": "sha1-yobR/ogoFpsBICCOPchCS524NCw="
    },
    "number-to-bn": {
      "version": "1.7.0",
      "resolved": "https://pillarproject.jfrog.io/pillarproject/api/npm/npm/number-to-bn/-/number-to-bn-1.7.0.tgz",
      "integrity": "sha1-uzYjWS9+X54AMLGXe9QaDFP+HqA=",
      "requires": {
        "bn.js": "4.11.6",
        "strip-hex-prefix": "1.0.0"
      },
      "dependencies": {
        "bn.js": {
          "version": "4.11.6",
          "resolved": "https://pillarproject.jfrog.io/pillarproject/api/npm/npm/bn.js/-/bn.js-4.11.6.tgz",
          "integrity": "sha1-UzRK2xRhehP26N0s4okF0cC6MhU="
        }
      }
    },
    "object-assign": {
      "version": "4.1.1",
      "resolved": "https://pillarproject.jfrog.io/pillarproject/api/npm/npm/object-assign/-/object-assign-4.1.1.tgz",
      "integrity": "sha1-IQmtx5ZYh8/AXLvUQsrIv7s2CGM="
    },
    "once": {
      "version": "1.4.0",
      "resolved": "https://pillarproject.jfrog.io/pillarproject/api/npm/npm/once/-/once-1.4.0.tgz",
      "integrity": "sha1-WDsap3WWHUsROsF9nFC6753Xa9E=",
      "requires": {
        "wrappy": "1"
      }
    },
    "os-tmpdir": {
      "version": "1.0.2",
      "resolved": "https://pillarproject.jfrog.io/pillarproject/api/npm/npm/os-tmpdir/-/os-tmpdir-1.0.2.tgz",
      "integrity": "sha1-u+Z0BseaqFxc/sdm/lc0VV36EnQ="
    },
    "parse-headers": {
      "version": "2.0.3",
      "resolved": "https://pillarproject.jfrog.io/pillarproject/api/npm/npm/parse-headers/-/parse-headers-2.0.3.tgz",
      "integrity": "sha1-Xo51Ejg9FAugLwx6qfSbQ5nJJRU="
    },
    "path-is-absolute": {
      "version": "1.0.1",
      "resolved": "https://pillarproject.jfrog.io/pillarproject/api/npm/npm/path-is-absolute/-/path-is-absolute-1.0.1.tgz",
      "integrity": "sha1-F0uSaHNVNP+8es5r9TpanhtcX18="
    },
    "process": {
      "version": "0.5.2",
      "resolved": "https://pillarproject.jfrog.io/pillarproject/api/npm/npm/process/-/process-0.5.2.tgz",
      "integrity": "sha1-FjjYqONML0QKkduVq5rrZ3/Bhc8="
    },
    "query-string": {
      "version": "5.1.1",
      "resolved": "https://pillarproject.jfrog.io/pillarproject/api/npm/npm/query-string/-/query-string-5.1.1.tgz",
      "integrity": "sha1-p4wBK3HBfgXy4/ojGd0zBoLvs8s=",
      "requires": {
        "decode-uri-component": "^0.2.0",
        "object-assign": "^4.1.0",
        "strict-uri-encode": "^1.0.0"
      }
    },
    "randombytes": {
      "version": "2.1.0",
      "resolved": "https://pillarproject.jfrog.io/pillarproject/api/npm/npm/randombytes/-/randombytes-2.1.0.tgz",
      "integrity": "sha1-32+ENy8CcNxlzfYpE0mrekc9Tyo=",
      "requires": {
        "safe-buffer": "^5.1.0"
      }
    },
    "require-from-string": {
      "version": "2.0.2",
      "resolved": "https://pillarproject.jfrog.io/pillarproject/api/npm/npm/require-from-string/-/require-from-string-2.0.2.tgz",
      "integrity": "sha1-iaf92TgmEmcxjq/hT5wy5ZjDaQk="
    },
    "rimraf": {
      "version": "2.7.1",
      "resolved": "https://pillarproject.jfrog.io/pillarproject/api/npm/npm/rimraf/-/rimraf-2.7.1.tgz",
      "integrity": "sha1-NXl/E6f9rcVmFCwp1PB8ytSD4+w=",
      "requires": {
        "glob": "^7.1.3"
      }
    },
    "safe-buffer": {
      "version": "5.2.1",
      "resolved": "https://pillarproject.jfrog.io/pillarproject/api/npm/npm/safe-buffer/-/safe-buffer-5.2.1.tgz",
      "integrity": "sha1-Hq+fqb2x/dTsdfWPnNtOa3gn7sY="
    },
    "scrypt-js": {
      "version": "3.0.1",
      "resolved": "https://pillarproject.jfrog.io/pillarproject/api/npm/npm/scrypt-js/-/scrypt-js-3.0.1.tgz",
      "integrity": "sha1-0xSlfCrvadGtmKE4oh/p6vqe4xI="
    },
    "semver": {
      "version": "5.7.1",
      "resolved": "https://pillarproject.jfrog.io/pillarproject/api/npm/npm/semver/-/semver-5.7.1.tgz",
      "integrity": "sha1-qVT5Ma66UI0we78Gnv8MAclhFvc="
    },
    "setimmediate": {
      "version": "1.0.4",
      "resolved": "https://pillarproject.jfrog.io/pillarproject/api/npm/npm/setimmediate/-/setimmediate-1.0.4.tgz",
      "integrity": "sha1-IOgd5iLUoCWIzgyNqJc8vPHTE48="
    },
    "simple-concat": {
      "version": "1.0.1",
      "resolved": "https://pillarproject.jfrog.io/pillarproject/api/npm/npm/simple-concat/-/simple-concat-1.0.1.tgz",
      "integrity": "sha1-9Gl2CCujXCJj8cirXt/ibEHJVS8="
    },
    "simple-get": {
      "version": "2.8.1",
      "resolved": "https://pillarproject.jfrog.io/pillarproject/api/npm/npm/simple-get/-/simple-get-2.8.1.tgz",
      "integrity": "sha1-DiLpHUV12HYgYgvJEwjVenf0S10=",
      "requires": {
        "decompress-response": "^3.3.0",
        "once": "^1.3.1",
        "simple-concat": "^1.0.0"
      }
    },
    "sol-merger": {
      "version": "3.1.0",
      "resolved": "https://pillarproject.jfrog.io/pillarproject/api/npm/npm/sol-merger/-/sol-merger-3.1.0.tgz",
      "integrity": "sha1-VHsoKmFtEGwPqIaeCidf19sCE9g=",
      "requires": {
        "antlr4ts": "^0.5.0-alpha.3",
        "cli-color": "^1.4.0",
        "commander": "^4.0.1",
        "debug": "^4.1.1",
        "fs-extra": "^8.0.1",
        "glob": "^7.1.2",
        "strip-json-comments": "^3.0.1"
      }
    },
    "solc": {
      "version": "0.6.6",
      "resolved": "https://pillarproject.jfrog.io/pillarproject/api/npm/npm/solc/-/solc-0.6.6.tgz",
      "integrity": "sha1-DUucLnEF3WAVWD9eHFumo1hh6nE=",
      "requires": {
        "command-exists": "^1.2.8",
        "commander": "3.0.2",
        "fs-extra": "^0.30.0",
        "js-sha3": "0.8.0",
        "memorystream": "^0.3.1",
        "require-from-string": "^2.0.0",
        "semver": "^5.5.0",
        "tmp": "0.0.33"
      },
      "dependencies": {
        "commander": {
          "version": "3.0.2",
          "resolved": "https://pillarproject.jfrog.io/pillarproject/api/npm/npm/commander/-/commander-3.0.2.tgz",
          "integrity": "sha1-aDfD+2d62ZM9HPukLdFNURfWs54="
        },
        "fs-extra": {
          "version": "0.30.0",
          "resolved": "https://pillarproject.jfrog.io/pillarproject/api/npm/npm/fs-extra/-/fs-extra-0.30.0.tgz",
          "integrity": "sha1-8jP/zAjU2n1DLapEl3aYnbHfk/A=",
          "requires": {
            "graceful-fs": "^4.1.2",
            "jsonfile": "^2.1.0",
            "klaw": "^1.0.0",
            "path-is-absolute": "^1.0.0",
            "rimraf": "^2.2.8"
          }
        },
        "js-sha3": {
          "version": "0.8.0",
          "resolved": "https://pillarproject.jfrog.io/pillarproject/api/npm/npm/js-sha3/-/js-sha3-0.8.0.tgz",
          "integrity": "sha1-ubel2nOvrX3t0PjEY5VMveaBiEA="
        },
        "jsonfile": {
          "version": "2.4.0",
          "resolved": "https://pillarproject.jfrog.io/pillarproject/api/npm/npm/jsonfile/-/jsonfile-2.4.0.tgz",
          "integrity": "sha1-NzaitCi4e72gzIO1P6PWM6NcKug=",
          "requires": {
            "graceful-fs": "^4.1.6"
          }
        }
      }
    },
    "strict-uri-encode": {
      "version": "1.1.0",
      "resolved": "https://pillarproject.jfrog.io/pillarproject/api/npm/npm/strict-uri-encode/-/strict-uri-encode-1.1.0.tgz",
      "integrity": "sha1-J5siXfHVgrH1TmWt3UNS4Y+qBxM="
    },
    "strip-hex-prefix": {
      "version": "1.0.0",
      "resolved": "https://pillarproject.jfrog.io/pillarproject/api/npm/npm/strip-hex-prefix/-/strip-hex-prefix-1.0.0.tgz",
      "integrity": "sha1-DF8VX+8RUTczd96du1iNoFUA428=",
      "requires": {
        "is-hex-prefixed": "1.0.0"
      }
    },
    "strip-json-comments": {
      "version": "3.1.1",
      "resolved": "https://pillarproject.jfrog.io/pillarproject/api/npm/npm/strip-json-comments/-/strip-json-comments-3.1.1.tgz",
      "integrity": "sha1-MfEoGzgyYwQ0gxwxDAHMzajL4AY="
    },
    "timed-out": {
      "version": "4.0.1",
      "resolved": "https://pillarproject.jfrog.io/pillarproject/api/npm/npm/timed-out/-/timed-out-4.0.1.tgz",
      "integrity": "sha1-8y6srFoXW+ol1/q1Zas+2HQe9W8="
    },
    "timers-ext": {
      "version": "0.1.7",
      "resolved": "https://pillarproject.jfrog.io/pillarproject/api/npm/npm/timers-ext/-/timers-ext-0.1.7.tgz",
      "integrity": "sha1-b1ethXjgej+5+R2Th9ZWR1VeJcY=",
      "requires": {
        "es5-ext": "~0.10.46",
        "next-tick": "1"
      }
    },
    "tmp": {
      "version": "0.0.33",
      "resolved": "https://pillarproject.jfrog.io/pillarproject/api/npm/npm/tmp/-/tmp-0.0.33.tgz",
      "integrity": "sha1-bTQzWIl2jSGyvNoKonfO07G/rfk=",
      "requires": {
        "os-tmpdir": "~1.0.2"
      }
    },
    "type": {
      "version": "1.2.0",
      "resolved": "https://pillarproject.jfrog.io/pillarproject/api/npm/npm/type/-/type-1.2.0.tgz",
      "integrity": "sha1-hI3XaY2vo+VKbEeedZxLw/GIR6A="
    },
    "underscore": {
      "version": "1.9.1",
      "resolved": "https://pillarproject.jfrog.io/pillarproject/api/npm/npm/underscore/-/underscore-1.9.1.tgz",
      "integrity": "sha1-BtzjSg5op7q8KbNluOdLiSUgOWE="
    },
    "universalify": {
      "version": "0.1.2",
      "resolved": "https://pillarproject.jfrog.io/pillarproject/api/npm/npm/universalify/-/universalify-0.1.2.tgz",
      "integrity": "sha1-tkb2m+OULavOzJ1mOcgNwQXvqmY="
    },
    "url-set-query": {
      "version": "1.0.0",
      "resolved": "https://pillarproject.jfrog.io/pillarproject/api/npm/npm/url-set-query/-/url-set-query-1.0.0.tgz",
      "integrity": "sha1-AW6M/Xwg7gXK/neV6JK9BwL6ozk="
    },
    "utf8": {
      "version": "3.0.0",
      "resolved": "https://pillarproject.jfrog.io/pillarproject/api/npm/npm/utf8/-/utf8-3.0.0.tgz",
      "integrity": "sha1-8FLu0TZNaW52nvBYsYPfiMh/adE="
    },
    "uuid": {
      "version": "2.0.1",
      "resolved": "https://pillarproject.jfrog.io/pillarproject/api/npm/npm/uuid/-/uuid-2.0.1.tgz",
      "integrity": "sha1-wqMN7bPlNdcsz4LjQ5QaULqFM6w="
    },
    "web3-eth-abi": {
      "version": "1.2.6",
      "resolved": "https://pillarproject.jfrog.io/pillarproject/api/npm/npm/web3-eth-abi/-/web3-eth-abi-1.2.6.tgz",
      "integrity": "sha1-tJU4PMXA2OKFeybn/iVgZoWYOyU=",
      "requires": {
        "ethers": "4.0.0-beta.3",
        "underscore": "1.9.1",
        "web3-utils": "1.2.6"
      },
      "dependencies": {
        "elliptic": {
          "version": "6.3.3",
          "resolved": "https://pillarproject.jfrog.io/pillarproject/api/npm/npm/elliptic/-/elliptic-6.3.3.tgz",
          "integrity": "sha1-VILZZG1UvLif19mU/J4ulWiHbj8=",
          "requires": {
            "bn.js": "^4.4.0",
            "brorand": "^1.0.1",
            "hash.js": "^1.0.0",
            "inherits": "^2.0.1"
          }
        },
        "ethers": {
          "version": "4.0.0-beta.3",
          "resolved": "https://pillarproject.jfrog.io/pillarproject/api/npm/npm/ethers/-/ethers-4.0.0-beta.3.tgz",
          "integrity": "sha1-Fb7xTlfpTsvrf5s53QpL1DW8kGY=",
          "requires": {
            "@types/node": "^10.3.2",
            "aes-js": "3.0.0",
            "bn.js": "^4.4.0",
            "elliptic": "6.3.3",
            "hash.js": "1.1.3",
            "js-sha3": "0.5.7",
            "scrypt-js": "2.0.3",
            "setimmediate": "1.0.4",
            "uuid": "2.0.1",
            "xmlhttprequest": "1.8.0"
          }
        },
        "hash.js": {
          "version": "1.1.3",
          "resolved": "https://pillarproject.jfrog.io/pillarproject/api/npm/npm/hash.js/-/hash.js-1.1.3.tgz",
          "integrity": "sha1-NA3tvmKQGHFRweodd3o0SJNd+EY=",
          "requires": {
            "inherits": "^2.0.3",
            "minimalistic-assert": "^1.0.0"
          }
        },
        "scrypt-js": {
          "version": "2.0.3",
          "resolved": "https://pillarproject.jfrog.io/pillarproject/api/npm/npm/scrypt-js/-/scrypt-js-2.0.3.tgz",
          "integrity": "sha1-uwBAvgMEPamgEqLOqfyfhSz8h9Q="
        }
      }
    },
    "web3-utils": {
      "version": "1.2.6",
      "resolved": "https://pillarproject.jfrog.io/pillarproject/api/npm/npm/web3-utils/-/web3-utils-1.2.6.tgz",
      "integrity": "sha1-uaJUMtoAl2RX/MEJTEr4rG1Ibbk=",
      "requires": {
        "bn.js": "4.11.8",
        "eth-lib": "0.2.7",
        "ethereum-bloom-filters": "^1.0.6",
        "ethjs-unit": "0.1.6",
        "number-to-bn": "1.7.0",
        "randombytes": "^2.1.0",
        "underscore": "1.9.1",
        "utf8": "3.0.0"
      },
      "dependencies": {
        "bn.js": {
          "version": "4.11.8",
          "resolved": "https://pillarproject.jfrog.io/pillarproject/api/npm/npm/bn.js/-/bn.js-4.11.8.tgz",
          "integrity": "sha1-LN4J617jQfSEdGuwMJsyU7GxRC8="
        }
      }
    },
    "wrappy": {
      "version": "1.0.2",
      "resolved": "https://pillarproject.jfrog.io/pillarproject/api/npm/npm/wrappy/-/wrappy-1.0.2.tgz",
      "integrity": "sha1-tSQ9jz7BqjXxNkYFvA0QNuMKtp8="
    },
    "ws": {
      "version": "7.2.3",
      "resolved": "https://pillarproject.jfrog.io/pillarproject/api/npm/npm/ws/-/ws-7.2.3.tgz",
      "integrity": "sha1-pUEeH7BNXtDv7nbSbVxG2DDDm0Y="
    },
    "xhr": {
      "version": "2.5.0",
      "resolved": "https://pillarproject.jfrog.io/pillarproject/api/npm/npm/xhr/-/xhr-2.5.0.tgz",
      "integrity": "sha1-vtjRZ21co2EIZnaSt0sxbEluSd0=",
      "requires": {
        "global": "~4.3.0",
        "is-function": "^1.0.1",
        "parse-headers": "^2.0.0",
        "xtend": "^4.0.0"
      }
    },
    "xhr-request": {
      "version": "1.1.0",
      "resolved": "https://pillarproject.jfrog.io/pillarproject/api/npm/npm/xhr-request/-/xhr-request-1.1.0.tgz",
      "integrity": "sha1-9KfBhoufGYcjRE2C3K4xdkPy4u0=",
      "requires": {
        "buffer-to-arraybuffer": "^0.0.5",
        "object-assign": "^4.1.1",
        "query-string": "^5.0.1",
        "simple-get": "^2.7.0",
        "timed-out": "^4.0.1",
        "url-set-query": "^1.0.0",
        "xhr": "^2.0.4"
      }
    },
    "xhr-request-promise": {
      "version": "0.1.3",
      "resolved": "https://pillarproject.jfrog.io/pillarproject/api/npm/npm/xhr-request-promise/-/xhr-request-promise-0.1.3.tgz",
      "integrity": "sha1-LV9LFtjGyJO+l/GmKw7Uzzyl+Ww=",
      "requires": {
        "xhr-request": "^1.1.0"
      }
    },
    "xmlhttprequest": {
      "version": "1.8.0",
      "resolved": "https://pillarproject.jfrog.io/pillarproject/api/npm/npm/xmlhttprequest/-/xmlhttprequest-1.8.0.tgz",
      "integrity": "sha1-Z/4HXFwk/vOfnWX197f+dRcZaPw="
    },
    "xtend": {
      "version": "4.0.2",
      "resolved": "https://pillarproject.jfrog.io/pillarproject/api/npm/npm/xtend/-/xtend-4.0.2.tgz",
      "integrity": "sha1-u3J3n1+kZRhrH0OPZ0+jR/2121Q="
    }
  }
}
